
Microsoft Visual Studio Solution File, Format Version 12.00
# Visual Studio Version 17
VisualStudioVersion = 17.5.33627.172
MinimumVisualStudioVersion = 10.0.40219.1
Project("{2150E333-8FDC-42A3-9474-1A3956D46DE8}") = "Services", "Services", "{D18E4F75-A709-487F-934E-454D67D18CAA}"
EndProject
Project("{2150E333-8FDC-42A3-9474-1A3956D46DE8}") = "Catalog", "Catalog", "{6570DD8B-69C1-4065-9F7C-BA0200664376}"
EndProject
Project("{9A19103F-16F7-4668-BE54-9A1E7A4F7556}") = "Catalog.API", "Services\Catalog\Catalog.API\Catalog.API.csproj", "{89E7B95E-787C-47BD-B705-4A8248E67F48}"
EndProject
Project("{E53339B2-1760-4266-BCC7-CA923CBCF16C}") = "docker-compose", "docker-compose.dcproj", "{7286EB5F-CF79-42FF-88ED-764928463BC6}"
EndProject
Project("{2150E333-8FDC-42A3-9474-1A3956D46DE8}") = "Basket", "Basket", "{988DE760-997D-4730-A690-A755F46A78F0}"
EndProject
Project("{9A19103F-16F7-4668-BE54-9A1E7A4F7556}") = "Basket.API", "Services\Basket\Basket.API\Basket.API.csproj", "{B2607D76-8333-4DAB-8E13-4C61A65704D7}"
EndProject
Project("{2150E333-8FDC-42A3-9474-1A3956D46DE8}") = "Discount", "Discount", "{2E297FC2-6A78-41FF-950F-6BEB61221E7D}"
EndProject
Project("{9A19103F-16F7-4668-BE54-9A1E7A4F7556}") = "Discount.API", "Services\Discount\Discount.API\Discount.API.csproj", "{138BD949-3A0D-49F6-8D04-432C5764C3CE}"
EndProject
Project("{9A19103F-16F7-4668-BE54-9A1E7A4F7556}") = "Discount.Grpc", "Services\Discount\Discount.Grpc\Discount.Grpc.csproj", "{0775D636-F945-4CE2-BAEC-752AA6ACE966}"
EndProject
Project("{2150E333-8FDC-42A3-9474-1A3956D46DE8}") = "Ordering", "Ordering", "{0F51BE12-413B-4A30-9C3D-433B2FE2F2FE}"
EndProject
Project("{9A19103F-16F7-4668-BE54-9A1E7A4F7556}") = "Ordering.API", "Services\Ordering\Ordering.API\Ordering.API.csproj", "{23637F7A-60C5-471D-98FA-4832A2182EA9}"
EndProject
Project("{9A19103F-16F7-4668-BE54-9A1E7A4F7556}") = "Ordering.Domain", "Services\Ordering\Ordering.Domain\Ordering.Domain.csproj", "{9D426FBF-5856-40D5-80BB-187D385BF23F}"
EndProject
Project("{9A19103F-16F7-4668-BE54-9A1E7A4F7556}") = "Ordering.Application", "Services\Ordering\Ordering.Application\Ordering.Application.csproj", "{5E768EFA-41C7-4736-AD3E-382066DAEA0F}"
EndProject
Project("{9A19103F-16F7-4668-BE54-9A1E7A4F7556}") = "Ordering.Infrastructure", "Services\Ordering\Ordering.Infrastructure\Ordering.Infrastructure.csproj", "{0411565C-B4D7-4A14-8EA7-4876D26CA5A0}"
EndProject
Project("{2150E333-8FDC-42A3-9474-1A3956D46DE8}") = "BuildingBlocks", "BuildingBlocks", "{2A93BAD2-5C99-41DE-A7BF-1A2C18A594EF}"
EndProject
Project("{9A19103F-16F7-4668-BE54-9A1E7A4F7556}") = "EventBus.Messages", "EventBus.Messages\EventBus.Messages.csproj", "{717C0DF3-B905-4934-A78B-43E300BBC648}"
EndProject
Project("{2150E333-8FDC-42A3-9474-1A3956D46DE8}") = "APIGateways", "APIGateways", "{287416CD-7E03-463B-BA53-764B9832D742}"
EndProject
Project("{FAE04EC0-301F-11D3-BF4B-00C04F79EFBC}") = "Shopping.Aggregator", "APIGateways\Shopping.Aggregator\Shopping.Aggregator.csproj", "{0D32825C-0A19-4428-8614-B7F5F21BFA72}"
EndProject
Project("{9A19103F-16F7-4668-BE54-9A1E7A4F7556}") = "OcelotApiGw", "APIGateways\OcelotApiGw\OcelotApiGw.csproj", "{3F227C6D-E73D-40E7-A466-418E60018A0A}"
EndProject
Global
	GlobalSection(SolutionConfigurationPlatforms) = preSolution
		Debug|Any CPU = Debug|Any CPU
		Release|Any CPU = Release|Any CPU
	EndGlobalSection
	GlobalSection(ProjectConfigurationPlatforms) = postSolution
		{89E7B95E-787C-47BD-B705-4A8248E67F48}.Debug|Any CPU.ActiveCfg = Debug|Any CPU
		{89E7B95E-787C-47BD-B705-4A8248E67F48}.Debug|Any CPU.Build.0 = Debug|Any CPU
		{89E7B95E-787C-47BD-B705-4A8248E67F48}.Release|Any CPU.ActiveCfg = Release|Any CPU
		{89E7B95E-787C-47BD-B705-4A8248E67F48}.Release|Any CPU.Build.0 = Release|Any CPU
		{7286EB5F-CF79-42FF-88ED-764928463BC6}.Debug|Any CPU.ActiveCfg = Debug|Any CPU
		{7286EB5F-CF79-42FF-88ED-764928463BC6}.Debug|Any CPU.Build.0 = Debug|Any CPU
		{7286EB5F-CF79-42FF-88ED-764928463BC6}.Release|Any CPU.ActiveCfg = Release|Any CPU
		{7286EB5F-CF79-42FF-88ED-764928463BC6}.Release|Any CPU.Build.0 = Release|Any CPU
		{B2607D76-8333-4DAB-8E13-4C61A65704D7}.Debug|Any CPU.ActiveCfg = Debug|Any CPU
		{B2607D76-8333-4DAB-8E13-4C61A65704D7}.Debug|Any CPU.Build.0 = Debug|Any CPU
		{B2607D76-8333-4DAB-8E13-4C61A65704D7}.Release|Any CPU.ActiveCfg = Release|Any CPU
		{B2607D76-8333-4DAB-8E13-4C61A65704D7}.Release|Any CPU.Build.0 = Release|Any CPU
		{138BD949-3A0D-49F6-8D04-432C5764C3CE}.Debug|Any CPU.ActiveCfg = Debug|Any CPU
		{138BD949-3A0D-49F6-8D04-432C5764C3CE}.Debug|Any CPU.Build.0 = Debug|Any CPU
		{138BD949-3A0D-49F6-8D04-432C5764C3CE}.Release|Any CPU.ActiveCfg = Release|Any CPU
		{138BD949-3A0D-49F6-8D04-432C5764C3CE}.Release|Any CPU.Build.0 = Release|Any CPU
		{0775D636-F945-4CE2-BAEC-752AA6ACE966}.Debug|Any CPU.ActiveCfg = Debug|Any CPU
		{0775D636-F945-4CE2-BAEC-752AA6ACE966}.Debug|Any CPU.Build.0 = Debug|Any CPU
		{0775D636-F945-4CE2-BAEC-752AA6ACE966}.Release|Any CPU.ActiveCfg = Release|Any CPU
		{0775D636-F945-4CE2-BAEC-752AA6ACE966}.Release|Any CPU.Build.0 = Release|Any CPU
		{23637F7A-60C5-471D-98FA-4832A2182EA9}.Debug|Any CPU.ActiveCfg = Debug|Any CPU
		{23637F7A-60C5-471D-98FA-4832A2182EA9}.Debug|Any CPU.Build.0 = Debug|Any CPU
		{23637F7A-60C5-471D-98FA-4832A2182EA9}.Release|Any CPU.ActiveCfg = Release|Any CPU
		{23637F7A-60C5-471D-98FA-4832A2182EA9}.Release|Any CPU.Build.0 = Release|Any CPU
		{9D426FBF-5856-40D5-80BB-187D385BF23F}.Debug|Any CPU.ActiveCfg = Debug|Any CPU
		{9D426FBF-5856-40D5-80BB-187D385BF23F}.Debug|Any CPU.Build.0 = Debug|Any CPU
		{9D426FBF-5856-40D5-80BB-187D385BF23F}.Release|Any CPU.ActiveCfg = Release|Any CPU
		{9D426FBF-5856-40D5-80BB-187D385BF23F}.Release|Any CPU.Build.0 = Release|Any CPU
		{5E768EFA-41C7-4736-AD3E-382066DAEA0F}.Debug|Any CPU.ActiveCfg = Debug|Any CPU
		{5E768EFA-41C7-4736-AD3E-382066DAEA0F}.Debug|Any CPU.Build.0 = Debug|Any CPU
		{5E768EFA-41C7-4736-AD3E-382066DAEA0F}.Release|Any CPU.ActiveCfg = Release|Any CPU
		{5E768EFA-41C7-4736-AD3E-382066DAEA0F}.Release|Any CPU.Build.0 = Release|Any CPU
		{0411565C-B4D7-4A14-8EA7-4876D26CA5A0}.Debug|Any CPU.ActiveCfg = Debug|Any CPU
		{0411565C-B4D7-4A14-8EA7-4876D26CA5A0}.Debug|Any CPU.Build.0 = Debug|Any CPU
		{0411565C-B4D7-4A14-8EA7-4876D26CA5A0}.Release|Any CPU.ActiveCfg = Release|Any CPU
		{0411565C-B4D7-4A14-8EA7-4876D26CA5A0}.Release|Any CPU.Build.0 = Release|Any CPU
		{717C0DF3-B905-4934-A78B-43E300BBC648}.Debug|Any CPU.ActiveCfg = Debug|Any CPU
		{717C0DF3-B905-4934-A78B-43E300BBC648}.Debug|Any CPU.Build.0 = Debug|Any CPU
		{717C0DF3-B905-4934-A78B-43E300BBC648}.Release|Any CPU.ActiveCfg = Release|Any CPU
		{717C0DF3-B905-4934-A78B-43E300BBC648}.Release|Any CPU.Build.0 = Release|Any CPU
		{0D32825C-0A19-4428-8614-B7F5F21BFA72}.Debug|Any CPU.ActiveCfg = Debug|Any CPU
		{0D32825C-0A19-4428-8614-B7F5F21BFA72}.Debug|Any CPU.Build.0 = Debug|Any CPU
		{0D32825C-0A19-4428-8614-B7F5F21BFA72}.Release|Any CPU.ActiveCfg = Release|Any CPU
		{0D32825C-0A19-4428-8614-B7F5F21BFA72}.Release|Any CPU.Build.0 = Release|Any CPU
		{3F227C6D-E73D-40E7-A466-418E60018A0A}.Debug|Any CPU.ActiveCfg = Debug|Any CPU
		{3F227C6D-E73D-40E7-A466-418E60018A0A}.Debug|Any CPU.Build.0 = Debug|Any CPU
		{3F227C6D-E73D-40E7-A466-418E60018A0A}.Release|Any CPU.ActiveCfg = Release|Any CPU
		{3F227C6D-E73D-40E7-A466-418E60018A0A}.Release|Any CPU.Build.0 = Release|Any CPU
	EndGlobalSection
	GlobalSection(SolutionProperties) = preSolution
		HideSolutionNode = FALSE
	EndGlobalSection
	GlobalSection(NestedProjects) = preSolution
		{6570DD8B-69C1-4065-9F7C-BA0200664376} = {D18E4F75-A709-487F-934E-454D67D18CAA}
		{89E7B95E-787C-47BD-B705-4A8248E67F48} = {6570DD8B-69C1-4065-9F7C-BA0200664376}
		{988DE760-997D-4730-A690-A755F46A78F0} = {D18E4F75-A709-487F-934E-454D67D18CAA}
		{B2607D76-8333-4DAB-8E13-4C61A65704D7} = {988DE760-997D-4730-A690-A755F46A78F0}
		{2E297FC2-6A78-41FF-950F-6BEB61221E7D} = {D18E4F75-A709-487F-934E-454D67D18CAA}
		{138BD949-3A0D-49F6-8D04-432C5764C3CE} = {2E297FC2-6A78-41FF-950F-6BEB61221E7D}
		{0775D636-F945-4CE2-BAEC-752AA6ACE966} = {2E297FC2-6A78-41FF-950F-6BEB61221E7D}
		{0F51BE12-413B-4A30-9C3D-433B2FE2F2FE} = {D18E4F75-A709-487F-934E-454D67D18CAA}
		{23637F7A-60C5-471D-98FA-4832A2182EA9} = {0F51BE12-413B-4A30-9C3D-433B2FE2F2FE}
		{9D426FBF-5856-40D5-80BB-187D385BF23F} = {0F51BE12-413B-4A30-9C3D-433B2FE2F2FE}
		{5E768EFA-41C7-4736-AD3E-382066DAEA0F} = {0F51BE12-413B-4A30-9C3D-433B2FE2F2FE}
		{0411565C-B4D7-4A14-8EA7-4876D26CA5A0} = {0F51BE12-413B-4A30-9C3D-433B2FE2F2FE}
		{717C0DF3-B905-4934-A78B-43E300BBC648} = {2A93BAD2-5C99-41DE-A7BF-1A2C18A594EF}
		{0D32825C-0A19-4428-8614-B7F5F21BFA72} = {287416CD-7E03-463B-BA53-764B9832D742}
		{3F227C6D-E73D-40E7-A466-418E60018A0A} = {287416CD-7E03-463B-BA53-764B9832D742}
	EndGlobalSection
	GlobalSection(ExtensibilityGlobals) = postSolution
		SolutionGuid = {5D53B4DB-F13D-48FF-8769-8B23332ED533}
	EndGlobalSection
EndGlobal
